// !$*UTF8*$!
{
	archiveVersion = 1;
	classes = {
	};
	objectVersion = 46;
	objects = {

/* Begin PBXBuildFile section */
		2696AB9198967D29662C3CCF /* libPods-Qyer.a in Frameworks */ = {isa = PBXBuildFile; fileRef = B9CE096C68FF0D6FCB7D0228 /* libPods-Qyer.a */; };
		550463C91DE4A848000AA3F7 /* CityVSCountryModel.m in Sources */ = {isa = PBXBuildFile; fileRef = 550463C81DE4A848000AA3F7 /* CityVSCountryModel.m */; };
		550463CE1DE4AA04000AA3F7 /* BournCityVC.m in Sources */ = {isa = PBXBuildFile; fileRef = 550463CD1DE4AA04000AA3F7 /* BournCityVC.m */; };
		550463D31DE4AE63000AA3F7 /* CityheadCell.m in Sources */ = {isa = PBXBuildFile; fileRef = 550463D21DE4AE63000AA3F7 /* CityheadCell.m */; };
		550463D61DE4AE94000AA3F7 /* HeaddownCell.m in Sources */ = {isa = PBXBuildFile; fileRef = 550463D51DE4AE94000AA3F7 /* HeaddownCell.m */; };
		5508C8B01DE144A700594AB5 /* bournModel.m in Sources */ = {isa = PBXBuildFile; fileRef = 5508C8AF1DE144A700594AB5 /* bournModel.m */; };
		5508C8B41DE14A8F00594AB5 /* bournzonCell.m in Sources */ = {isa = PBXBuildFile; fileRef = 5508C8B31DE14A8F00594AB5 /* bournzonCell.m */; };
		5508C8B71DE14AB500594AB5 /* cityVScountryCell.m in Sources */ = {isa = PBXBuildFile; fileRef = 5508C8B61DE14AB500594AB5 /* cityVScountryCell.m */; };
		5508C8BB1DE14E6800594AB5 /* countryCell.m in Sources */ = {isa = PBXBuildFile; fileRef = 5508C8BA1DE14E6800594AB5 /* countryCell.m */; };
		854C20951DDC5B4B00F5D5F4 /* main.m in Sources */ = {isa = PBXBuildFile; fileRef = 854C20941DDC5B4B00F5D5F4 /* main.m */; };
		854C20981DDC5B4B00F5D5F4 /* AppDelegate.m in Sources */ = {isa = PBXBuildFile; fileRef = 854C20971DDC5B4B00F5D5F4 /* AppDelegate.m */; };
		854C209B1DDC5B4B00F5D5F4 /* ViewController.m in Sources */ = {isa = PBXBuildFile; fileRef = 854C209A1DDC5B4B00F5D5F4 /* ViewController.m */; };
		868502971DE76EBC00EEA569 /* RecommendViewController.m in Sources */ = {isa = PBXBuildFile; fileRef = 868502961DE76EBC00EEA569 /* RecommendViewController.m */; };
		8685029B1DE7707D00EEA569 /* RecommendModel.m in Sources */ = {isa = PBXBuildFile; fileRef = 8685029A1DE7707D00EEA569 /* RecommendModel.m */; };
		8685029E1DE7711100EEA569 /* QyerModel.m in Sources */ = {isa = PBXBuildFile; fileRef = 8685029D1DE7711100EEA569 /* QyerModel.m */; };
		868502A11DE771B600EEA569 /* RecommendViewModel.m in Sources */ = {isa = PBXBuildFile; fileRef = 868502A01DE771B600EEA569 /* RecommendViewModel.m */; };
		933326E21DE5791500D65904 /* LaunchScreen.storyboard in Resources */ = {isa = PBXBuildFile; fileRef = 933326E11DE5791500D65904 /* LaunchScreen.storyboard */; };
		933326E41DE5792600D65904 /* Main.storyboard in Resources */ = {isa = PBXBuildFile; fileRef = 933326E31DE5792600D65904 /* Main.storyboard */; };
		933326E61DE5793800D65904 /* Assets.xcassets in Resources */ = {isa = PBXBuildFile; fileRef = 933326E51DE5793800D65904 /* Assets.xcassets */; };
		933327141DE579AC00D65904 /* MKAnnotationView+WebCache.m in Sources */ = {isa = PBXBuildFile; fileRef = 933326ED1DE579AC00D65904 /* MKAnnotationView+WebCache.m */; };
		933327151DE579AC00D65904 /* NSData+ImageContentType.m in Sources */ = {isa = PBXBuildFile; fileRef = 933326EF1DE579AC00D65904 /* NSData+ImageContentType.m */; };
		933327161DE579AC00D65904 /* NSImage+WebCache.m in Sources */ = {isa = PBXBuildFile; fileRef = 933326F11DE579AC00D65904 /* NSImage+WebCache.m */; };
		933327171DE579AC00D65904 /* SDImageCache.m in Sources */ = {isa = PBXBuildFile; fileRef = 933326F31DE579AC00D65904 /* SDImageCache.m */; };
		933327181DE579AC00D65904 /* SDImageCacheConfig.m in Sources */ = {isa = PBXBuildFile; fileRef = 933326F51DE579AC00D65904 /* SDImageCacheConfig.m */; };
		933327191DE579AC00D65904 /* SDWebImageCompat.m in Sources */ = {isa = PBXBuildFile; fileRef = 933326F71DE579AC00D65904 /* SDWebImageCompat.m */; };
		9333271A1DE579AC00D65904 /* SDWebImageDecoder.m in Sources */ = {isa = PBXBuildFile; fileRef = 933326F91DE579AC00D65904 /* SDWebImageDecoder.m */; };
		9333271B1DE579AC00D65904 /* SDWebImageDownloader.m in Sources */ = {isa = PBXBuildFile; fileRef = 933326FB1DE579AC00D65904 /* SDWebImageDownloader.m */; };
		9333271C1DE579AC00D65904 /* SDWebImageDownloaderOperation.m in Sources */ = {isa = PBXBuildFile; fileRef = 933326FD1DE579AC00D65904 /* SDWebImageDownloaderOperation.m */; };
		9333271D1DE579AC00D65904 /* SDWebImageManager.m in Sources */ = {isa = PBXBuildFile; fileRef = 933326FF1DE579AC00D65904 /* SDWebImageManager.m */; };
		9333271E1DE579AC00D65904 /* SDWebImagePrefetcher.m in Sources */ = {isa = PBXBuildFile; fileRef = 933327021DE579AC00D65904 /* SDWebImagePrefetcher.m */; };
		9333271F1DE579AC00D65904 /* UIButton+WebCache.m in Sources */ = {isa = PBXBuildFile; fileRef = 933327041DE579AC00D65904 /* UIButton+WebCache.m */; };
		933327201DE579AC00D65904 /* UIImage+GIF.m in Sources */ = {isa = PBXBuildFile; fileRef = 933327061DE579AC00D65904 /* UIImage+GIF.m */; };
		933327211DE579AC00D65904 /* UIImage+MultiFormat.m in Sources */ = {isa = PBXBuildFile; fileRef = 933327081DE579AC00D65904 /* UIImage+MultiFormat.m */; };
		933327221DE579AC00D65904 /* UIImage+WebP.m in Sources */ = {isa = PBXBuildFile; fileRef = 9333270A1DE579AC00D65904 /* UIImage+WebP.m */; };
		933327231DE579AC00D65904 /* UIImageView+HighlightedWebCache.m in Sources */ = {isa = PBXBuildFile; fileRef = 9333270C1DE579AC00D65904 /* UIImageView+HighlightedWebCache.m */; };
		933327241DE579AC00D65904 /* UIImageView+WebCache.m in Sources */ = {isa = PBXBuildFile; fileRef = 9333270E1DE579AC00D65904 /* UIImageView+WebCache.m */; };
		933327251DE579AC00D65904 /* UIView+WebCache.m in Sources */ = {isa = PBXBuildFile; fileRef = 933327101DE579AC00D65904 /* UIView+WebCache.m */; };
		933327261DE579AC00D65904 /* UIView+WebCacheOperation.m in Sources */ = {isa = PBXBuildFile; fileRef = 933327121DE579AC00D65904 /* UIView+WebCacheOperation.m */; };
		9386D5851DE5811900A6ADF8 /* ShoppingModel.m in Sources */ = {isa = PBXBuildFile; fileRef = 9386D5841DE5811900A6ADF8 /* ShoppingModel.m */; };
		9386D58E1DE581B000A6ADF8 /* AdvertisementCell.m in Sources */ = {isa = PBXBuildFile; fileRef = 9386D5871DE581B000A6ADF8 /* AdvertisementCell.m */; };
		9386D58F1DE581B000A6ADF8 /* AdvertisementView.m in Sources */ = {isa = PBXBuildFile; fileRef = 9386D5891DE581B000A6ADF8 /* AdvertisementView.m */; };
		9386D5901DE581B000A6ADF8 /* HongKongJapanView.m in Sources */ = {isa = PBXBuildFile; fileRef = 9386D58B1DE581B000A6ADF8 /* HongKongJapanView.m */; };
		9386D5911DE581B000A6ADF8 /* ShoppingHeaderView.m in Sources */ = {isa = PBXBuildFile; fileRef = 9386D58D1DE581B000A6ADF8 /* ShoppingHeaderView.m */; };
		9386D5971DE5A0D500A6ADF8 /* WorldCell.m in Sources */ = {isa = PBXBuildFile; fileRef = 9386D5961DE5A0D500A6ADF8 /* WorldCell.m */; };
		F40505851DE48765005FCD15 /* RecommendCityCell.m in Sources */ = {isa = PBXBuildFile; fileRef = F40505841DE48765005FCD15 /* RecommendCityCell.m */; };
		F4A513751DDC60C2008AF2A1 /* NSString+WX.m in Sources */ = {isa = PBXBuildFile; fileRef = F4A513701DDC60C2008AF2A1 /* NSString+WX.m */; };
		F4A513761DDC60C2008AF2A1 /* UIView+HUD.m in Sources */ = {isa = PBXBuildFile; fileRef = F4A513721DDC60C2008AF2A1 /* UIView+HUD.m */; };
		F4A513771DDC60C2008AF2A1 /* NSObject+parse.m in Sources */ = {isa = PBXBuildFile; fileRef = F4A513741DDC60C2008AF2A1 /* NSObject+parse.m */; };
		F4A5137E1DDC642F008AF2A1 /* BaseNetManager.m in Sources */ = {isa = PBXBuildFile; fileRef = F4A5137D1DDC642F008AF2A1 /* BaseNetManager.m */; };
		F4ADDC831DDEFE4400C13254 /* MineViewController.m in Sources */ = {isa = PBXBuildFile; fileRef = F4ADDC821DDEFE4400C13254 /* MineViewController.m */; };
		F4ADDC891DDF000D00C13254 /* CommunityViewController.m in Sources */ = {isa = PBXBuildFile; fileRef = F4ADDC881DDF000D00C13254 /* CommunityViewController.m */; };
		F4ADDC8F1DDF007000C13254 /* ShoppingViewController.m in Sources */ = {isa = PBXBuildFile; fileRef = F4ADDC8E1DDF007000C13254 /* ShoppingViewController.m */; };
		F4ADDC921DDF00C000C13254 /* BournViewController.m in Sources */ = {isa = PBXBuildFile; fileRef = F4ADDC911DDF00C000C13254 /* BournViewController.m */; };
		F4ADDC951DDF013600C13254 /* AllViewController.m in Sources */ = {isa = PBXBuildFile; fileRef = F4ADDC941DDF013600C13254 /* AllViewController.m */; };
		F4B9E4AF1DDDE3D600254772 /* NetManager.m in Sources */ = {isa = PBXBuildFile; fileRef = F4B9E4AE1DDDE3D600254772 /* NetManager.m */; };
/* End PBXBuildFile section */

/* Begin PBXFileReference section */
		550463C71DE4A848000AA3F7 /* CityVSCountryModel.h */ = {isa = PBXFileReference; fileEncoding = 4; lastKnownFileType = sourcecode.c.h; path = CityVSCountryModel.h; sourceTree = "<group>"; };
		550463C81DE4A848000AA3F7 /* CityVSCountryModel.m */ = {isa = PBXFileReference; fileEncoding = 4; lastKnownFileType = sourcecode.c.objc; path = CityVSCountryModel.m; sourceTree = "<group>"; };
		550463CC1DE4AA04000AA3F7 /* BournCityVC.h */ = {isa = PBXFileReference; fileEncoding = 4; lastKnownFileType = sourcecode.c.h; path = BournCityVC.h; sourceTree = "<group>"; };
		550463CD1DE4AA04000AA3F7 /* BournCityVC.m */ = {isa = PBXFileReference; fileEncoding = 4; lastKnownFileType = sourcecode.c.objc; path = BournCityVC.m; sourceTree = "<group>"; };
		550463D11DE4AE63000AA3F7 /* CityheadCell.h */ = {isa = PBXFileReference; fileEncoding = 4; lastKnownFileType = sourcecode.c.h; path = CityheadCell.h; sourceTree = "<group>"; };
		550463D21DE4AE63000AA3F7 /* CityheadCell.m */ = {isa = PBXFileReference; fileEncoding = 4; lastKnownFileType = sourcecode.c.objc; path = CityheadCell.m; sourceTree = "<group>"; };
		550463D41DE4AE94000AA3F7 /* HeaddownCell.h */ = {isa = PBXFileReference; fileEncoding = 4; lastKnownFileType = sourcecode.c.h; path = HeaddownCell.h; sourceTree = "<group>"; };
		550463D51DE4AE94000AA3F7 /* HeaddownCell.m */ = {isa = PBXFileReference; fileEncoding = 4; lastKnownFileType = sourcecode.c.objc; path = HeaddownCell.m; sourceTree = "<group>"; };
		5508C8AE1DE144A700594AB5 /* bournModel.h */ = {isa = PBXFileReference; fileEncoding = 4; lastKnownFileType = sourcecode.c.h; path = bournModel.h; sourceTree = "<group>"; };
		5508C8AF1DE144A700594AB5 /* bournModel.m */ = {isa = PBXFileReference; fileEncoding = 4; lastKnownFileType = sourcecode.c.objc; path = bournModel.m; sourceTree = "<group>"; };
		5508C8B21DE14A8F00594AB5 /* bournzonCell.h */ = {isa = PBXFileReference; fileEncoding = 4; lastKnownFileType = sourcecode.c.h; path = bournzonCell.h; sourceTree = "<group>"; };
		5508C8B31DE14A8F00594AB5 /* bournzonCell.m */ = {isa = PBXFileReference; fileEncoding = 4; lastKnownFileType = sourcecode.c.objc; path = bournzonCell.m; sourceTree = "<group>"; };
		5508C8B51DE14AB500594AB5 /* cityVScountryCell.h */ = {isa = PBXFileReference; fileEncoding = 4; lastKnownFileType = sourcecode.c.h; path = cityVScountryCell.h; sourceTree = "<group>"; };
		5508C8B61DE14AB500594AB5 /* cityVScountryCell.m */ = {isa = PBXFileReference; fileEncoding = 4; lastKnownFileType = sourcecode.c.objc; path = cityVScountryCell.m; sourceTree = "<group>"; };
		5508C8B91DE14E6800594AB5 /* countryCell.h */ = {isa = PBXFileReference; fileEncoding = 4; lastKnownFileType = sourcecode.c.h; path = countryCell.h; sourceTree = "<group>"; };
		5508C8BA1DE14E6800594AB5 /* countryCell.m */ = {isa = PBXFileReference; fileEncoding = 4; lastKnownFileType = sourcecode.c.objc; path = countryCell.m; sourceTree = "<group>"; };
		854C20901DDC5B4B00F5D5F4 /* Qyer.app */ = {isa = PBXFileReference; explicitFileType = wrapper.application; includeInIndex = 0; path = Qyer.app; sourceTree = BUILT_PRODUCTS_DIR; };
		854C20941DDC5B4B00F5D5F4 /* main.m */ = {isa = PBXFileReference; lastKnownFileType = sourcecode.c.objc; path = main.m; sourceTree = "<group>"; };
		854C20961DDC5B4B00F5D5F4 /* AppDelegate.h */ = {isa = PBXFileReference; lastKnownFileType = sourcecode.c.h; path = AppDelegate.h; sourceTree = "<group>"; };
		854C20971DDC5B4B00F5D5F4 /* AppDelegate.m */ = {isa = PBXFileReference; lastKnownFileType = sourcecode.c.objc; path = AppDelegate.m; sourceTree = "<group>"; };
		854C20991DDC5B4B00F5D5F4 /* ViewController.h */ = {isa = PBXFileReference; lastKnownFileType = sourcecode.c.h; name = ViewController.h; path = Qyer/ViewController.h; sourceTree = SOURCE_ROOT; };
		854C209A1DDC5B4B00F5D5F4 /* ViewController.m */ = {isa = PBXFileReference; lastKnownFileType = sourcecode.c.objc; name = ViewController.m; path = Qyer/ViewController.m; sourceTree = SOURCE_ROOT; };
		854C20A41DDC5B4B00F5D5F4 /* Info.plist */ = {isa = PBXFileReference; lastKnownFileType = text.plist.xml; path = Info.plist; sourceTree = "<group>"; };
		868502951DE76EBC00EEA569 /* RecommendViewController.h */ = {isa = PBXFileReference; fileEncoding = 4; lastKnownFileType = sourcecode.c.h; path = RecommendViewController.h; sourceTree = "<group>"; };
		868502961DE76EBC00EEA569 /* RecommendViewController.m */ = {isa = PBXFileReference; fileEncoding = 4; lastKnownFileType = sourcecode.c.objc; path = RecommendViewController.m; sourceTree = "<group>"; };
		868502991DE7707D00EEA569 /* RecommendModel.h */ = {isa = PBXFileReference; fileEncoding = 4; lastKnownFileType = sourcecode.c.h; path = RecommendModel.h; sourceTree = "<group>"; };
		8685029A1DE7707D00EEA569 /* RecommendModel.m */ = {isa = PBXFileReference; fileEncoding = 4; lastKnownFileType = sourcecode.c.objc; path = RecommendModel.m; sourceTree = "<group>"; };
		8685029C1DE7711100EEA569 /* QyerModel.h */ = {isa = PBXFileReference; fileEncoding = 4; lastKnownFileType = sourcecode.c.h; path = QyerModel.h; sourceTree = "<group>"; };
		8685029D1DE7711100EEA569 /* QyerModel.m */ = {isa = PBXFileReference; fileEncoding = 4; lastKnownFileType = sourcecode.c.objc; path = QyerModel.m; sourceTree = "<group>"; };
		8685029F1DE771B600EEA569 /* RecommendViewModel.h */ = {isa = PBXFileReference; fileEncoding = 4; lastKnownFileType = sourcecode.c.h; path = RecommendViewModel.h; sourceTree = "<group>"; };
		868502A01DE771B600EEA569 /* RecommendViewModel.m */ = {isa = PBXFileReference; fileEncoding = 4; lastKnownFileType = sourcecode.c.objc; path = RecommendViewModel.m; sourceTree = "<group>"; };
		933326DF1DE576FD00D65904 /* Constant.h */ = {isa = PBXFileReference; fileEncoding = 4; lastKnownFileType = sourcecode.c.h; path = Constant.h; sourceTree = "<group>"; };
		933326E11DE5791500D65904 /* LaunchScreen.storyboard */ = {isa = PBXFileReference; fileEncoding = 4; lastKnownFileType = file.storyboard; path = LaunchScreen.storyboard; sourceTree = "<group>"; };
		933326E31DE5792600D65904 /* Main.storyboard */ = {isa = PBXFileReference; fileEncoding = 4; lastKnownFileType = file.storyboard; path = Main.storyboard; sourceTree = "<group>"; };
		933326E51DE5793800D65904 /* Assets.xcassets */ = {isa = PBXFileReference; lastKnownFileType = folder.assetcatalog; path = Assets.xcassets; sourceTree = "<group>"; };
		933326EC1DE579AC00D65904 /* MKAnnotationView+WebCache.h */ = {isa = PBXFileReference; fileEncoding = 4; lastKnownFileType = sourcecode.c.h; path = "MKAnnotationView+WebCache.h"; sourceTree = "<group>"; };
		933326ED1DE579AC00D65904 /* MKAnnotationView+WebCache.m */ = {isa = PBXFileReference; fileEncoding = 4; lastKnownFileType = sourcecode.c.objc; path = "MKAnnotationView+WebCache.m"; sourceTree = "<group>"; };
		933326EE1DE579AC00D65904 /* NSData+ImageContentType.h */ = {isa = PBXFileReference; fileEncoding = 4; lastKnownFileType = sourcecode.c.h; path = "NSData+ImageContentType.h"; sourceTree = "<group>"; };
		933326EF1DE579AC00D65904 /* NSData+ImageContentType.m */ = {isa = PBXFileReference; fileEncoding = 4; lastKnownFileType = sourcecode.c.objc; path = "NSData+ImageContentType.m"; sourceTree = "<group>"; };
		933326F01DE579AC00D65904 /* NSImage+WebCache.h */ = {isa = PBXFileReference; fileEncoding = 4; lastKnownFileType = sourcecode.c.h; path = "NSImage+WebCache.h"; sourceTree = "<group>"; };
		933326F11DE579AC00D65904 /* NSImage+WebCache.m */ = {isa = PBXFileReference; fileEncoding = 4; lastKnownFileType = sourcecode.c.objc; path = "NSImage+WebCache.m"; sourceTree = "<group>"; };
		933326F21DE579AC00D65904 /* SDImageCache.h */ = {isa = PBXFileReference; fileEncoding = 4; lastKnownFileType = sourcecode.c.h; path = SDImageCache.h; sourceTree = "<group>"; };
		933326F31DE579AC00D65904 /* SDImageCache.m */ = {isa = PBXFileReference; fileEncoding = 4; lastKnownFileType = sourcecode.c.objc; path = SDImageCache.m; sourceTree = "<group>"; };
		933326F41DE579AC00D65904 /* SDImageCacheConfig.h */ = {isa = PBXFileReference; fileEncoding = 4; lastKnownFileType = sourcecode.c.h; path = SDImageCacheConfig.h; sourceTree = "<group>"; };
		933326F51DE579AC00D65904 /* SDImageCacheConfig.m */ = {isa = PBXFileReference; fileEncoding = 4; lastKnownFileType = sourcecode.c.objc; path = SDImageCacheConfig.m; sourceTree = "<group>"; };
		933326F61DE579AC00D65904 /* SDWebImageCompat.h */ = {isa = PBXFileReference; fileEncoding = 4; lastKnownFileType = sourcecode.c.h; path = SDWebImageCompat.h; sourceTree = "<group>"; };
		933326F71DE579AC00D65904 /* SDWebImageCompat.m */ = {isa = PBXFileReference; fileEncoding = 4; lastKnownFileType = sourcecode.c.objc; path = SDWebImageCompat.m; sourceTree = "<group>"; };
		933326F81DE579AC00D65904 /* SDWebImageDecoder.h */ = {isa = PBXFileReference; fileEncoding = 4; lastKnownFileType = sourcecode.c.h; path = SDWebImageDecoder.h; sourceTree = "<group>"; };
		933326F91DE579AC00D65904 /* SDWebImageDecoder.m */ = {isa = PBXFileReference; fileEncoding = 4; lastKnownFileType = sourcecode.c.objc; path = SDWebImageDecoder.m; sourceTree = "<group>"; };
		933326FA1DE579AC00D65904 /* SDWebImageDownloader.h */ = {isa = PBXFileReference; fileEncoding = 4; lastKnownFileType = sourcecode.c.h; path = SDWebImageDownloader.h; sourceTree = "<group>"; };
		933326FB1DE579AC00D65904 /* SDWebImageDownloader.m */ = {isa = PBXFileReference; fileEncoding = 4; lastKnownFileType = sourcecode.c.objc; path = SDWebImageDownloader.m; sourceTree = "<group>"; };
		933326FC1DE579AC00D65904 /* SDWebImageDownloaderOperation.h */ = {isa = PBXFileReference; fileEncoding = 4; lastKnownFileType = sourcecode.c.h; path = SDWebImageDownloaderOperation.h; sourceTree = "<group>"; };
		933326FD1DE579AC00D65904 /* SDWebImageDownloaderOperation.m */ = {isa = PBXFileReference; fileEncoding = 4; lastKnownFileType = sourcecode.c.objc; path = SDWebImageDownloaderOperation.m; sourceTree = "<group>"; };
		933326FE1DE579AC00D65904 /* SDWebImageManager.h */ = {isa = PBXFileReference; fileEncoding = 4; lastKnownFileType = sourcecode.c.h; path = SDWebImageManager.h; sourceTree = "<group>"; };
		933326FF1DE579AC00D65904 /* SDWebImageManager.m */ = {isa = PBXFileReference; fileEncoding = 4; lastKnownFileType = sourcecode.c.objc; path = SDWebImageManager.m; sourceTree = "<group>"; };
		933327001DE579AC00D65904 /* SDWebImageOperation.h */ = {isa = PBXFileReference; fileEncoding = 4; lastKnownFileType = sourcecode.c.h; path = SDWebImageOperation.h; sourceTree = "<group>"; };
		933327011DE579AC00D65904 /* SDWebImagePrefetcher.h */ = {isa = PBXFileReference; fileEncoding = 4; lastKnownFileType = sourcecode.c.h; path = SDWebImagePrefetcher.h; sourceTree = "<group>"; };
		933327021DE579AC00D65904 /* SDWebImagePrefetcher.m */ = {isa = PBXFileReference; fileEncoding = 4; lastKnownFileType = sourcecode.c.objc; path = SDWebImagePrefetcher.m; sourceTree = "<group>"; };
		933327031DE579AC00D65904 /* UIButton+WebCache.h */ = {isa = PBXFileReference; fileEncoding = 4; lastKnownFileType = sourcecode.c.h; path = "UIButton+WebCache.h"; sourceTree = "<group>"; };
		933327041DE579AC00D65904 /* UIButton+WebCache.m */ = {isa = PBXFileReference; fileEncoding = 4; lastKnownFileType = sourcecode.c.objc; path = "UIButton+WebCache.m"; sourceTree = "<group>"; };
		933327051DE579AC00D65904 /* UIImage+GIF.h */ = {isa = PBXFileReference; fileEncoding = 4; lastKnownFileType = sourcecode.c.h; path = "UIImage+GIF.h"; sourceTree = "<group>"; };
		933327061DE579AC00D65904 /* UIImage+GIF.m */ = {isa = PBXFileReference; fileEncoding = 4; lastKnownFileType = sourcecode.c.objc; path = "UIImage+GIF.m"; sourceTree = "<group>"; };
		933327071DE579AC00D65904 /* UIImage+MultiFormat.h */ = {isa = PBXFileReference; fileEncoding = 4; lastKnownFileType = sourcecode.c.h; path = "UIImage+MultiFormat.h"; sourceTree = "<group>"; };
		933327081DE579AC00D65904 /* UIImage+MultiFormat.m */ = {isa = PBXFileReference; fileEncoding = 4; lastKnownFileType = sourcecode.c.objc; path = "UIImage+MultiFormat.m"; sourceTree = "<group>"; };
		933327091DE579AC00D65904 /* UIImage+WebP.h */ = {isa = PBXFileReference; fileEncoding = 4; lastKnownFileType = sourcecode.c.h; path = "UIImage+WebP.h"; sourceTree = "<group>"; };
		9333270A1DE579AC00D65904 /* UIImage+WebP.m */ = {isa = PBXFileReference; fileEncoding = 4; lastKnownFileType = sourcecode.c.objc; path = "UIImage+WebP.m"; sourceTree = "<group>"; };
		9333270B1DE579AC00D65904 /* UIImageView+HighlightedWebCache.h */ = {isa = PBXFileReference; fileEncoding = 4; lastKnownFileType = sourcecode.c.h; path = "UIImageView+HighlightedWebCache.h"; sourceTree = "<group>"; };
		9333270C1DE579AC00D65904 /* UIImageView+HighlightedWebCache.m */ = {isa = PBXFileReference; fileEncoding = 4; lastKnownFileType = sourcecode.c.objc; path = "UIImageView+HighlightedWebCache.m"; sourceTree = "<group>"; };
		9333270D1DE579AC00D65904 /* UIImageView+WebCache.h */ = {isa = PBXFileReference; fileEncoding = 4; lastKnownFileType = sourcecode.c.h; path = "UIImageView+WebCache.h"; sourceTree = "<group>"; };
		9333270E1DE579AC00D65904 /* UIImageView+WebCache.m */ = {isa = PBXFileReference; fileEncoding = 4; lastKnownFileType = sourcecode.c.objc; path = "UIImageView+WebCache.m"; sourceTree = "<group>"; };
		9333270F1DE579AC00D65904 /* UIView+WebCache.h */ = {isa = PBXFileReference; fileEncoding = 4; lastKnownFileType = sourcecode.c.h; path = "UIView+WebCache.h"; sourceTree = "<group>"; };
		933327101DE579AC00D65904 /* UIView+WebCache.m */ = {isa = PBXFileReference; fileEncoding = 4; lastKnownFileType = sourcecode.c.objc; path = "UIView+WebCache.m"; sourceTree = "<group>"; };
		933327111DE579AC00D65904 /* UIView+WebCacheOperation.h */ = {isa = PBXFileReference; fileEncoding = 4; lastKnownFileType = sourcecode.c.h; path = "UIView+WebCacheOperation.h"; sourceTree = "<group>"; };
		933327121DE579AC00D65904 /* UIView+WebCacheOperation.m */ = {isa = PBXFileReference; fileEncoding = 4; lastKnownFileType = sourcecode.c.objc; path = "UIView+WebCacheOperation.m"; sourceTree = "<group>"; };
		9386D5831DE5811900A6ADF8 /* ShoppingModel.h */ = {isa = PBXFileReference; fileEncoding = 4; lastKnownFileType = sourcecode.c.h; path = ShoppingModel.h; sourceTree = "<group>"; };
		9386D5841DE5811900A6ADF8 /* ShoppingModel.m */ = {isa = PBXFileReference; fileEncoding = 4; lastKnownFileType = sourcecode.c.objc; path = ShoppingModel.m; sourceTree = "<group>"; };
		9386D5861DE581B000A6ADF8 /* AdvertisementCell.h */ = {isa = PBXFileReference; fileEncoding = 4; lastKnownFileType = sourcecode.c.h; path = AdvertisementCell.h; sourceTree = "<group>"; };
		9386D5871DE581B000A6ADF8 /* AdvertisementCell.m */ = {isa = PBXFileReference; fileEncoding = 4; lastKnownFileType = sourcecode.c.objc; path = AdvertisementCell.m; sourceTree = "<group>"; };
		9386D5881DE581B000A6ADF8 /* AdvertisementView.h */ = {isa = PBXFileReference; fileEncoding = 4; lastKnownFileType = sourcecode.c.h; path = AdvertisementView.h; sourceTree = "<group>"; };
		9386D5891DE581B000A6ADF8 /* AdvertisementView.m */ = {isa = PBXFileReference; fileEncoding = 4; lastKnownFileType = sourcecode.c.objc; path = AdvertisementView.m; sourceTree = "<group>"; };
		9386D58A1DE581B000A6ADF8 /* HongKongJapanView.h */ = {isa = PBXFileReference; fileEncoding = 4; lastKnownFileType = sourcecode.c.h; path = HongKongJapanView.h; sourceTree = "<group>"; };
		9386D58B1DE581B000A6ADF8 /* HongKongJapanView.m */ = {isa = PBXFileReference; fileEncoding = 4; lastKnownFileType = sourcecode.c.objc; path = HongKongJapanView.m; sourceTree = "<group>"; };
		9386D58C1DE581B000A6ADF8 /* ShoppingHeaderVIew.h */ = {isa = PBXFileReference; fileEncoding = 4; lastKnownFileType = sourcecode.c.h; path = ShoppingHeaderVIew.h; sourceTree = "<group>"; };
		9386D58D1DE581B000A6ADF8 /* ShoppingHeaderView.m */ = {isa = PBXFileReference; fileEncoding = 4; lastKnownFileType = sourcecode.c.objc; path = ShoppingHeaderView.m; sourceTree = "<group>"; };
		9386D5951DE5A0D500A6ADF8 /* WorldCell.h */ = {isa = PBXFileReference; fileEncoding = 4; lastKnownFileType = sourcecode.c.h; path = WorldCell.h; sourceTree = "<group>"; };
		9386D5961DE5A0D500A6ADF8 /* WorldCell.m */ = {isa = PBXFileReference; fileEncoding = 4; lastKnownFileType = sourcecode.c.objc; path = WorldCell.m; sourceTree = "<group>"; };
		A04F497D9480ACCC7D65A036 /* Pods-Qyer.release.xcconfig */ = {isa = PBXFileReference; includeInIndex = 1; lastKnownFileType = text.xcconfig; name = "Pods-Qyer.release.xcconfig"; path = "Pods/Target Support Files/Pods-Qyer/Pods-Qyer.release.xcconfig"; sourceTree = "<group>"; };
		B2B8C73DF8CFEFD16DD67BCE /* Pods-Qyer.debug.xcconfig */ = {isa = PBXFileReference; includeInIndex = 1; lastKnownFileType = text.xcconfig; name = "Pods-Qyer.debug.xcconfig"; path = "Pods/Target Support Files/Pods-Qyer/Pods-Qyer.debug.xcconfig"; sourceTree = "<group>"; };
		B9CE096C68FF0D6FCB7D0228 /* libPods-Qyer.a */ = {isa = PBXFileReference; explicitFileType = archive.ar; includeInIndex = 0; path = "libPods-Qyer.a"; sourceTree = BUILT_PRODUCTS_DIR; };
		F40505831DE48765005FCD15 /* RecommendCityCell.h */ = {isa = PBXFileReference; fileEncoding = 4; lastKnownFileType = sourcecode.c.h; path = RecommendCityCell.h; sourceTree = "<group>"; };
		F40505841DE48765005FCD15 /* RecommendCityCell.m */ = {isa = PBXFileReference; fileEncoding = 4; lastKnownFileType = sourcecode.c.objc; path = RecommendCityCell.m; sourceTree = "<group>"; };
		F4A5136F1DDC60C2008AF2A1 /* NSString+WX.h */ = {isa = PBXFileReference; fileEncoding = 4; lastKnownFileType = sourcecode.c.h; path = "NSString+WX.h"; sourceTree = "<group>"; };
		F4A513701DDC60C2008AF2A1 /* NSString+WX.m */ = {isa = PBXFileReference; fileEncoding = 4; lastKnownFileType = sourcecode.c.objc; path = "NSString+WX.m"; sourceTree = "<group>"; };
		F4A513711DDC60C2008AF2A1 /* UIView+HUD.h */ = {isa = PBXFileReference; fileEncoding = 4; lastKnownFileType = sourcecode.c.h; path = "UIView+HUD.h"; sourceTree = "<group>"; };
		F4A513721DDC60C2008AF2A1 /* UIView+HUD.m */ = {isa = PBXFileReference; fileEncoding = 4; lastKnownFileType = sourcecode.c.objc; path = "UIView+HUD.m"; sourceTree = "<group>"; };
		F4A513731DDC60C2008AF2A1 /* NSObject+parse.h */ = {isa = PBXFileReference; fileEncoding = 4; lastKnownFileType = sourcecode.c.h; path = "NSObject+parse.h"; sourceTree = "<group>"; };
		F4A513741DDC60C2008AF2A1 /* NSObject+parse.m */ = {isa = PBXFileReference; fileEncoding = 4; lastKnownFileType = sourcecode.c.objc; path = "NSObject+parse.m"; sourceTree = "<group>"; };
		F4A513781DDC610D008AF2A1 /* PrefixHeader.pch */ = {isa = PBXFileReference; lastKnownFileType = sourcecode.c.h; path = PrefixHeader.pch; sourceTree = "<group>"; };
		F4A5137C1DDC642F008AF2A1 /* BaseNetManager.h */ = {isa = PBXFileReference; fileEncoding = 4; lastKnownFileType = sourcecode.c.h; path = BaseNetManager.h; sourceTree = "<group>"; };
		F4A5137D1DDC642F008AF2A1 /* BaseNetManager.m */ = {isa = PBXFileReference; fileEncoding = 4; lastKnownFileType = sourcecode.c.objc; path = BaseNetManager.m; sourceTree = "<group>"; };
		F4ADDC811DDEFE4400C13254 /* MineViewController.h */ = {isa = PBXFileReference; fileEncoding = 4; lastKnownFileType = sourcecode.c.h; path = MineViewController.h; sourceTree = "<group>"; };
		F4ADDC821DDEFE4400C13254 /* MineViewController.m */ = {isa = PBXFileReference; fileEncoding = 4; lastKnownFileType = sourcecode.c.objc; path = MineViewController.m; sourceTree = "<group>"; };
		F4ADDC871DDF000D00C13254 /* CommunityViewController.h */ = {isa = PBXFileReference; fileEncoding = 4; lastKnownFileType = sourcecode.c.h; path = CommunityViewController.h; sourceTree = "<group>"; };
		F4ADDC881DDF000D00C13254 /* CommunityViewController.m */ = {isa = PBXFileReference; fileEncoding = 4; lastKnownFileType = sourcecode.c.objc; path = CommunityViewController.m; sourceTree = "<group>"; };
		F4ADDC8D1DDF007000C13254 /* ShoppingViewController.h */ = {isa = PBXFileReference; fileEncoding = 4; lastKnownFileType = sourcecode.c.h; path = ShoppingViewController.h; sourceTree = "<group>"; };
		F4ADDC8E1DDF007000C13254 /* ShoppingViewController.m */ = {isa = PBXFileReference; fileEncoding = 4; lastKnownFileType = sourcecode.c.objc; path = ShoppingViewController.m; sourceTree = "<group>"; };
		F4ADDC901DDF00C000C13254 /* BournViewController.h */ = {isa = PBXFileReference; fileEncoding = 4; lastKnownFileType = sourcecode.c.h; path = BournViewController.h; sourceTree = "<group>"; };
		F4ADDC911DDF00C000C13254 /* BournViewController.m */ = {isa = PBXFileReference; fileEncoding = 4; lastKnownFileType = sourcecode.c.objc; path = BournViewController.m; sourceTree = "<group>"; };
		F4ADDC931DDF013600C13254 /* AllViewController.h */ = {isa = PBXFileReference; fileEncoding = 4; lastKnownFileType = sourcecode.c.h; path = AllViewController.h; sourceTree = "<group>"; };
		F4ADDC941DDF013600C13254 /* AllViewController.m */ = {isa = PBXFileReference; fileEncoding = 4; lastKnownFileType = sourcecode.c.objc; path = AllViewController.m; sourceTree = "<group>"; };
		F4B9E4AD1DDDE3D600254772 /* NetManager.h */ = {isa = PBXFileReference; fileEncoding = 4; lastKnownFileType = sourcecode.c.h; path = NetManager.h; sourceTree = "<group>"; };
		F4B9E4AE1DDDE3D600254772 /* NetManager.m */ = {isa = PBXFileReference; fileEncoding = 4; lastKnownFileType = sourcecode.c.objc; path = NetManager.m; sourceTree = "<group>"; };
/* End PBXFileReference section */

/* Begin PBXFrameworksBuildPhase section */
		854C208D1DDC5B4B00F5D5F4 /* Frameworks */ = {
			isa = PBXFrameworksBuildPhase;
			buildActionMask = 2147483647;
			files = (
				2696AB9198967D29662C3CCF /* libPods-Qyer.a in Frameworks */,
			);
			runOnlyForDeploymentPostprocessing = 0;
		};
/* End PBXFrameworksBuildPhase section */

/* Begin PBXGroup section */
		0DBDDDD7CC50C707243BBD4C /* Pods */ = {
			isa = PBXGroup;
			children = (
				B2B8C73DF8CFEFD16DD67BCE /* Pods-Qyer.debug.xcconfig */,
				A04F497D9480ACCC7D65A036 /* Pods-Qyer.release.xcconfig */,
			);
			name = Pods;
			sourceTree = "<group>";
		};
		550463C51DE4A7E3000AA3F7 /* 目的城市VS国家Model */ = {
			isa = PBXGroup;
			children = (
				550463C71DE4A848000AA3F7 /* CityVSCountryModel.h */,
				550463C81DE4A848000AA3F7 /* CityVSCountryModel.m */,
			);
			name = "目的城市VS国家Model";
			sourceTree = "<group>";
		};
		550463C61DE4A7E5000AA3F7 /* 目的分区与城市Model */ = {
			isa = PBXGroup;
			children = (
				5508C8AE1DE144A700594AB5 /* bournModel.h */,
				5508C8AF1DE144A700594AB5 /* bournModel.m */,
			);
			name = "目的分区与城市Model";
			sourceTree = "<group>";
		};
		550463CA1DE4A9C3000AA3F7 /* 目的地国家与城市 */ = {
			isa = PBXGroup;
			children = (
				550463CC1DE4AA04000AA3F7 /* BournCityVC.h */,
				550463CD1DE4AA04000AA3F7 /* BournCityVC.m */,
			);
			name = "目的地国家与城市";
			sourceTree = "<group>";
		};
		550463CB1DE4A9C6000AA3F7 /* 目的地列表 */ = {
			isa = PBXGroup;
			children = (
				F4ADDC901DDF00C000C13254 /* BournViewController.h */,
				F4ADDC911DDF00C000C13254 /* BournViewController.m */,
			);
			name = "目的地列表";
			sourceTree = "<group>";
		};
		550463CF1DE4AD9C000AA3F7 /* 城市与国家详情列表Cell */ = {
			isa = PBXGroup;
			children = (
				550463D11DE4AE63000AA3F7 /* CityheadCell.h */,
				550463D21DE4AE63000AA3F7 /* CityheadCell.m */,
				550463D41DE4AE94000AA3F7 /* HeaddownCell.h */,
				550463D51DE4AE94000AA3F7 /* HeaddownCell.m */,
			);
			name = "城市与国家详情列表Cell";
			sourceTree = "<group>";
		};
		550463D01DE4AD9F000AA3F7 /* 目的地分区与城市国家列表Cell */ = {
			isa = PBXGroup;
			children = (
				5508C8B21DE14A8F00594AB5 /* bournzonCell.h */,
				5508C8B31DE14A8F00594AB5 /* bournzonCell.m */,
				5508C8B51DE14AB500594AB5 /* cityVScountryCell.h */,
				5508C8B61DE14AB500594AB5 /* cityVScountryCell.m */,
				5508C8B91DE14E6800594AB5 /* countryCell.h */,
				5508C8BA1DE14E6800594AB5 /* countryCell.m */,
			);
			name = "目的地分区与城市国家列表Cell";
			sourceTree = "<group>";
		};
		5508C8AD1DE1448500594AB5 /* 目的地Model */ = {
			isa = PBXGroup;
			children = (
				550463C61DE4A7E5000AA3F7 /* 目的分区与城市Model */,
				550463C51DE4A7E3000AA3F7 /* 目的城市VS国家Model */,
			);
			name = "目的地Model";
			sourceTree = "<group>";
		};
		5508C8B81DE14ABA00594AB5 /* 目的地Cell */ = {
			isa = PBXGroup;
			children = (
				550463D01DE4AD9F000AA3F7 /* 目的地分区与城市国家列表Cell */,
				550463CF1DE4AD9C000AA3F7 /* 城市与国家详情列表Cell */,
			);
			name = "目的地Cell";
			sourceTree = "<group>";
		};
		553928541DDE333300D72F47 /* ViewController */ = {
			isa = PBXGroup;
			children = (
				F4ADDC7C1DDEFDEF00C13254 /* 旅行商城 */,
				F4ADDC7D1DDEFDEF00C13254 /* 目的地 */,
				F4ADDC7E1DDEFDEF00C13254 /* 社区 */,
				F4ADDC7F1DDEFDEF00C13254 /* 推荐 */,
				F4ADDC801DDEFDEF00C13254 /* 我的 */,
				F4ADDC931DDF013600C13254 /* AllViewController.h */,
				F4ADDC941DDF013600C13254 /* AllViewController.m */,
			);
			path = ViewController;
			sourceTree = "<group>";
		};
		854C20871DDC5B4B00F5D5F4 = {
			isa = PBXGroup;
			children = (
				854C20921DDC5B4B00F5D5F4 /* Qyer */,
				854C20911DDC5B4B00F5D5F4 /* Products */,
				0DBDDDD7CC50C707243BBD4C /* Pods */,
				9023DBB756C4AEBBE1B4701A /* Frameworks */,
			);
			sourceTree = "<group>";
		};
		854C20911DDC5B4B00F5D5F4 /* Products */ = {
			isa = PBXGroup;
			children = (
				854C20901DDC5B4B00F5D5F4 /* Qyer.app */,
			);
			name = Products;
			sourceTree = "<group>";
		};
		854C20921DDC5B4B00F5D5F4 /* Qyer */ = {
			isa = PBXGroup;
			children = (
				933326E71DE5796900D65904 /* Vendor */,
				933326E01DE578FE00D65904 /* Resource */,
				933326DE1DE576EB00D65904 /* Define */,
				553928541DDE333300D72F47 /* ViewController */,
				F4A513651DDC60A3008AF2A1 /* Category */,
				F4A513661DDC60A3008AF2A1 /* NetManager */,
				F4A513671DDC60A3008AF2A1 /* Model */,
				F4A513681DDC60A3008AF2A1 /* View */,
				854C20961DDC5B4B00F5D5F4 /* AppDelegate.h */,
				854C20971DDC5B4B00F5D5F4 /* AppDelegate.m */,
				854C20991DDC5B4B00F5D5F4 /* ViewController.h */,
				854C209A1DDC5B4B00F5D5F4 /* ViewController.m */,
				854C20931DDC5B4B00F5D5F4 /* Supporting Files */,
			);
			path = Qyer;
			sourceTree = "<group>";
		};
		854C20931DDC5B4B00F5D5F4 /* Supporting Files */ = {
			isa = PBXGroup;
			children = (
				854C20A41DDC5B4B00F5D5F4 /* Info.plist */,
				854C20941DDC5B4B00F5D5F4 /* main.m */,
				F4A513781DDC610D008AF2A1 /* PrefixHeader.pch */,
			);
			name = "Supporting Files";
			sourceTree = "<group>";
		};
		868502981DE76FF300EEA569 /* 推荐Model */ = {
			isa = PBXGroup;
			children = (
				868502991DE7707D00EEA569 /* RecommendModel.h */,
				8685029A1DE7707D00EEA569 /* RecommendModel.m */,
				8685029C1DE7711100EEA569 /* QyerModel.h */,
				8685029D1DE7711100EEA569 /* QyerModel.m */,
				8685029F1DE771B600EEA569 /* RecommendViewModel.h */,
				868502A01DE771B600EEA569 /* RecommendViewModel.m */,
			);
			path = "推荐Model";
			sourceTree = "<group>";
		};
		9023DBB756C4AEBBE1B4701A /* Frameworks */ = {
			isa = PBXGroup;
			children = (
				B9CE096C68FF0D6FCB7D0228 /* libPods-Qyer.a */,
			);
			name = Frameworks;
			sourceTree = "<group>";
		};
		933326DE1DE576EB00D65904 /* Define */ = {
			isa = PBXGroup;
			children = (
				933326DF1DE576FD00D65904 /* Constant.h */,
			);
			path = Define;
			sourceTree = "<group>";
		};
		933326E01DE578FE00D65904 /* Resource */ = {
			isa = PBXGroup;
			children = (
				933326E11DE5791500D65904 /* LaunchScreen.storyboard */,
				933326E31DE5792600D65904 /* Main.storyboard */,
				933326E51DE5793800D65904 /* Assets.xcassets */,
			);
			path = Resource;
			sourceTree = "<group>";
		};
		933326E71DE5796900D65904 /* Vendor */ = {
			isa = PBXGroup;
			children = (
				933326E81DE579AC00D65904 /* SDWebImage */,
			);
			path = Vendor;
			sourceTree = "<group>";
		};
		933326E81DE579AC00D65904 /* SDWebImage */ = {
			isa = PBXGroup;
			children = (
				933326EC1DE579AC00D65904 /* MKAnnotationView+WebCache.h */,
				933326ED1DE579AC00D65904 /* MKAnnotationView+WebCache.m */,
				933326EE1DE579AC00D65904 /* NSData+ImageContentType.h */,
				933326EF1DE579AC00D65904 /* NSData+ImageContentType.m */,
				933326F01DE579AC00D65904 /* NSImage+WebCache.h */,
				933326F11DE579AC00D65904 /* NSImage+WebCache.m */,
				933326F21DE579AC00D65904 /* SDImageCache.h */,
				933326F31DE579AC00D65904 /* SDImageCache.m */,
				933326F41DE579AC00D65904 /* SDImageCacheConfig.h */,
				933326F51DE579AC00D65904 /* SDImageCacheConfig.m */,
				933326F61DE579AC00D65904 /* SDWebImageCompat.h */,
				933326F71DE579AC00D65904 /* SDWebImageCompat.m */,
				933326F81DE579AC00D65904 /* SDWebImageDecoder.h */,
				933326F91DE579AC00D65904 /* SDWebImageDecoder.m */,
				933326FA1DE579AC00D65904 /* SDWebImageDownloader.h */,
				933326FB1DE579AC00D65904 /* SDWebImageDownloader.m */,
				933326FC1DE579AC00D65904 /* SDWebImageDownloaderOperation.h */,
				933326FD1DE579AC00D65904 /* SDWebImageDownloaderOperation.m */,
				933326FE1DE579AC00D65904 /* SDWebImageManager.h */,
				933326FF1DE579AC00D65904 /* SDWebImageManager.m */,
				933327001DE579AC00D65904 /* SDWebImageOperation.h */,
				933327011DE579AC00D65904 /* SDWebImagePrefetcher.h */,
				933327021DE579AC00D65904 /* SDWebImagePrefetcher.m */,
				933327031DE579AC00D65904 /* UIButton+WebCache.h */,
				933327041DE579AC00D65904 /* UIButton+WebCache.m */,
				933327051DE579AC00D65904 /* UIImage+GIF.h */,
				933327061DE579AC00D65904 /* UIImage+GIF.m */,
				933327071DE579AC00D65904 /* UIImage+MultiFormat.h */,
				933327081DE579AC00D65904 /* UIImage+MultiFormat.m */,
				933327091DE579AC00D65904 /* UIImage+WebP.h */,
				9333270A1DE579AC00D65904 /* UIImage+WebP.m */,
				9333270B1DE579AC00D65904 /* UIImageView+HighlightedWebCache.h */,
				9333270C1DE579AC00D65904 /* UIImageView+HighlightedWebCache.m */,
				9333270D1DE579AC00D65904 /* UIImageView+WebCache.h */,
				9333270E1DE579AC00D65904 /* UIImageView+WebCache.m */,
				9333270F1DE579AC00D65904 /* UIView+WebCache.h */,
				933327101DE579AC00D65904 /* UIView+WebCache.m */,
				933327111DE579AC00D65904 /* UIView+WebCacheOperation.h */,
				933327121DE579AC00D65904 /* UIView+WebCacheOperation.m */,
			);
			path = SDWebImage;
			sourceTree = "<group>";
		};
		933327271DE57E0C00D65904 /* 旅行商城Model */ = {
			isa = PBXGroup;
			children = (
				9386D5831DE5811900A6ADF8 /* ShoppingModel.h */,
				9386D5841DE5811900A6ADF8 /* ShoppingModel.m */,
			);
			path = "旅行商城Model";
			sourceTree = "<group>";
		};
		9386D57C1DE57F8700A6ADF8 /* 旅行商城cell */ = {
			isa = PBXGroup;
			children = (
				9386D5861DE581B000A6ADF8 /* AdvertisementCell.h */,
				9386D5871DE581B000A6ADF8 /* AdvertisementCell.m */,
				9386D5881DE581B000A6ADF8 /* AdvertisementView.h */,
				9386D5891DE581B000A6ADF8 /* AdvertisementView.m */,
				9386D58A1DE581B000A6ADF8 /* HongKongJapanView.h */,
				9386D58B1DE581B000A6ADF8 /* HongKongJapanView.m */,
				9386D58C1DE581B000A6ADF8 /* ShoppingHeaderVIew.h */,
				9386D58D1DE581B000A6ADF8 /* ShoppingHeaderView.m */,
				9386D5951DE5A0D500A6ADF8 /* WorldCell.h */,
				9386D5961DE5A0D500A6ADF8 /* WorldCell.m */,
			);
			path = "旅行商城cell";
			sourceTree = "<group>";
		};
		F40505821DE483C0005FCD15 /* 推荐Cell */ = {
			isa = PBXGroup;
			children = (
				F40505831DE48765005FCD15 /* RecommendCityCell.h */,
				F40505841DE48765005FCD15 /* RecommendCityCell.m */,
			);
			name = "推荐Cell";
			sourceTree = "<group>";
		};
		F4A513651DDC60A3008AF2A1 /* Category */ = {
			isa = PBXGroup;
			children = (
				F4A5136F1DDC60C2008AF2A1 /* NSString+WX.h */,
				F4A513701DDC60C2008AF2A1 /* NSString+WX.m */,
				F4A513711DDC60C2008AF2A1 /* UIView+HUD.h */,
				F4A513721DDC60C2008AF2A1 /* UIView+HUD.m */,
				F4A513731DDC60C2008AF2A1 /* NSObject+parse.h */,
				F4A513741DDC60C2008AF2A1 /* NSObject+parse.m */,
			);
			path = Category;
			sourceTree = "<group>";
		};
		F4A513661DDC60A3008AF2A1 /* NetManager */ = {
			isa = PBXGroup;
			children = (
				F4A5137C1DDC642F008AF2A1 /* BaseNetManager.h */,
				F4A5137D1DDC642F008AF2A1 /* BaseNetManager.m */,
				F4B9E4AD1DDDE3D600254772 /* NetManager.h */,
				F4B9E4AE1DDDE3D600254772 /* NetManager.m */,
			);
			path = NetManager;
			sourceTree = "<group>";
		};
		F4A513671DDC60A3008AF2A1 /* Model */ = {
			isa = PBXGroup;
			children = (
				868502981DE76FF300EEA569 /* 推荐Model */,
				933327271DE57E0C00D65904 /* 旅行商城Model */,
				5508C8AD1DE1448500594AB5 /* 目的地Model */,
			);
			path = Model;
			sourceTree = "<group>";
		};
		F4A513681DDC60A3008AF2A1 /* View */ = {
			isa = PBXGroup;
			children = (
				9386D57C1DE57F8700A6ADF8 /* 旅行商城cell */,
				F40505821DE483C0005FCD15 /* 推荐Cell */,
				5508C8B81DE14ABA00594AB5 /* 目的地Cell */,
			);
			path = View;
			sourceTree = "<group>";
		};
		F4ADDC7C1DDEFDEF00C13254 /* 旅行商城 */ = {
			isa = PBXGroup;
			children = (
				F4ADDC8D1DDF007000C13254 /* ShoppingViewController.h */,
				F4ADDC8E1DDF007000C13254 /* ShoppingViewController.m */,
			);
			path = "旅行商城";
			sourceTree = "<group>";
		};
		F4ADDC7D1DDEFDEF00C13254 /* 目的地 */ = {
			isa = PBXGroup;
			children = (
				550463CB1DE4A9C6000AA3F7 /* 目的地列表 */,
				550463CA1DE4A9C3000AA3F7 /* 目的地国家与城市 */,
			);
			path = "目的地";
			sourceTree = "<group>";
		};
		F4ADDC7E1DDEFDEF00C13254 /* 社区 */ = {
			isa = PBXGroup;
			children = (
				F4ADDC871DDF000D00C13254 /* CommunityViewController.h */,
				F4ADDC881DDF000D00C13254 /* CommunityViewController.m */,
			);
			path = "社区";
			sourceTree = "<group>";
		};
		F4ADDC7F1DDEFDEF00C13254 /* 推荐 */ = {
			isa = PBXGroup;
			children = (
				868502951DE76EBC00EEA569 /* RecommendViewController.h */,
				868502961DE76EBC00EEA569 /* RecommendViewController.m */,
			);
			path = "推荐";
			sourceTree = "<group>";
		};
		F4ADDC801DDEFDEF00C13254 /* 我的 */ = {
			isa = PBXGroup;
			children = (
				F4ADDC811DDEFE4400C13254 /* MineViewController.h */,
				F4ADDC821DDEFE4400C13254 /* MineViewController.m */,
			);
			path = "我的";
			sourceTree = "<group>";
		};
/* End PBXGroup section */

/* Begin PBXNativeTarget section */
		854C208F1DDC5B4B00F5D5F4 /* Qyer */ = {
			isa = PBXNativeTarget;
			buildConfigurationList = 854C20A71DDC5B4B00F5D5F4 /* Build configuration list for PBXNativeTarget "Qyer" */;
			buildPhases = (
				B582152370AB50CBDC242DC2 /* [CP] Check Pods Manifest.lock */,
				854C208C1DDC5B4B00F5D5F4 /* Sources */,
				854C208D1DDC5B4B00F5D5F4 /* Frameworks */,
				854C208E1DDC5B4B00F5D5F4 /* Resources */,
				F8589A9E2C1284B17C7C0ACE /* [CP] Embed Pods Frameworks */,
				FB77B3278B89CDF9537BA8B8 /* [CP] Copy Pods Resources */,
			);
			buildRules = (
			);
			dependencies = (
			);
			name = Qyer;
			productName = Qyer;
			productReference = 854C20901DDC5B4B00F5D5F4 /* Qyer.app */;
			productType = "com.apple.product-type.application";
		};
/* End PBXNativeTarget section */

/* Begin PBXProject section */
		854C20881DDC5B4B00F5D5F4 /* Project object */ = {
			isa = PBXProject;
			attributes = {
				LastUpgradeCheck = 0810;
				ORGANIZATIONNAME = DKD;
				TargetAttributes = {
					854C208F1DDC5B4B00F5D5F4 = {
						CreatedOnToolsVersion = 8.1;
						ProvisioningStyle = Automatic;
					};
				};
			};
			buildConfigurationList = 854C208B1DDC5B4B00F5D5F4 /* Build configuration list for PBXProject "Qyer" */;
			compatibilityVersion = "Xcode 3.2";
			developmentRegion = English;
			hasScannedForEncodings = 0;
			knownRegions = (
				en,
				Base,
			);
			mainGroup = 854C20871DDC5B4B00F5D5F4;
			productRefGroup = 854C20911DDC5B4B00F5D5F4 /* Products */;
			projectDirPath = "";
			projectRoot = "";
			targets = (
				854C208F1DDC5B4B00F5D5F4 /* Qyer */,
			);
		};
/* End PBXProject section */

/* Begin PBXResourcesBuildPhase section */
		854C208E1DDC5B4B00F5D5F4 /* Resources */ = {
			isa = PBXResourcesBuildPhase;
			buildActionMask = 2147483647;
			files = (
				933326E21DE5791500D65904 /* LaunchScreen.storyboard in Resources */,
				933326E61DE5793800D65904 /* Assets.xcassets in Resources */,
				933326E41DE5792600D65904 /* Main.storyboard in Resources */,
			);
			runOnlyForDeploymentPostprocessing = 0;
		};
/* End PBXResourcesBuildPhase section */

/* Begin PBXShellScriptBuildPhase section */
		B582152370AB50CBDC242DC2 /* [CP] Check Pods Manifest.lock */ = {
			isa = PBXShellScriptBuildPhase;
			buildActionMask = 2147483647;
			files = (
			);
			inputPaths = (
			);
			name = "[CP] Check Pods Manifest.lock";
			outputPaths = (
			);
			runOnlyForDeploymentPostprocessing = 0;
			shellPath = /bin/sh;
			shellScript = "diff \"${PODS_ROOT}/../Podfile.lock\" \"${PODS_ROOT}/Manifest.lock\" > /dev/null\nif [ $? != 0 ] ; then\n    # print error to STDERR\n    echo \"error: The sandbox is not in sync with the Podfile.lock. Run 'pod install' or update your CocoaPods installation.\" >&2\n    exit 1\nfi\n";
			showEnvVarsInLog = 0;
		};
		F8589A9E2C1284B17C7C0ACE /* [CP] Embed Pods Frameworks */ = {
			isa = PBXShellScriptBuildPhase;
			buildActionMask = 2147483647;
			files = (
			);
			inputPaths = (
			);
			name = "[CP] Embed Pods Frameworks";
			outputPaths = (
			);
			runOnlyForDeploymentPostprocessing = 0;
			shellPath = /bin/sh;
			shellScript = "\"${SRCROOT}/Pods/Target Support Files/Pods-Qyer/Pods-Qyer-frameworks.sh\"\n";
			showEnvVarsInLog = 0;
		};
		FB77B3278B89CDF9537BA8B8 /* [CP] Copy Pods Resources */ = {
			isa = PBXShellScriptBuildPhase;
			buildActionMask = 2147483647;
			files = (
			);
			inputPaths = (
			);
			name = "[CP] Copy Pods Resources";
			outputPaths = (
			);
			runOnlyForDeploymentPostprocessing = 0;
			shellPath = /bin/sh;
			shellScript = "\"${SRCROOT}/Pods/Target Support Files/Pods-Qyer/Pods-Qyer-resources.sh\"\n";
			showEnvVarsInLog = 0;
		};
/* End PBXShellScriptBuildPhase section */

/* Begin PBXSourcesBuildPhase section */
		854C208C1DDC5B4B00F5D5F4 /* Sources */ = {
			isa = PBXSourcesBuildPhase;
			buildActionMask = 2147483647;
			files = (
				9386D5971DE5A0D500A6ADF8 /* WorldCell.m in Sources */,
				550463CE1DE4AA04000AA3F7 /* BournCityVC.m in Sources */,
				F4ADDC891DDF000D00C13254 /* CommunityViewController.m in Sources */,
				9333271D1DE579AC00D65904 /* SDWebImageManager.m in Sources */,
				9333271E1DE579AC00D65904 /* SDWebImagePrefetcher.m in Sources */,
				868502971DE76EBC00EEA569 /* RecommendViewController.m in Sources */,
				F4ADDC921DDF00C000C13254 /* BournViewController.m in Sources */,
				550463D61DE4AE94000AA3F7 /* HeaddownCell.m in Sources */,
				F4A513771DDC60C2008AF2A1 /* NSObject+parse.m in Sources */,
				9333271C1DE579AC00D65904 /* SDWebImageDownloaderOperation.m in Sources */,
				F4B9E4AF1DDDE3D600254772 /* NetManager.m in Sources */,
				933327171DE579AC00D65904 /* SDImageCache.m in Sources */,
				F4A5137E1DDC642F008AF2A1 /* BaseNetManager.m in Sources */,
				F4A513761DDC60C2008AF2A1 /* UIView+HUD.m in Sources */,
				F40505851DE48765005FCD15 /* RecommendCityCell.m in Sources */,
				F4ADDC951DDF013600C13254 /* AllViewController.m in Sources */,
				F4ADDC8F1DDF007000C13254 /* ShoppingViewController.m in Sources */,
				9386D58F1DE581B000A6ADF8 /* AdvertisementView.m in Sources */,
				5508C8BB1DE14E6800594AB5 /* countryCell.m in Sources */,
				9386D5851DE5811900A6ADF8 /* ShoppingModel.m in Sources */,
				933327201DE579AC00D65904 /* UIImage+GIF.m in Sources */,
				933327161DE579AC00D65904 /* NSImage+WebCache.m in Sources */,
				5508C8B01DE144A700594AB5 /* bournModel.m in Sources */,
				5508C8B71DE14AB500594AB5 /* cityVScountryCell.m in Sources */,
				8685029B1DE7707D00EEA569 /* RecommendModel.m in Sources */,
				933327241DE579AC00D65904 /* UIImageView+WebCache.m in Sources */,
				550463C91DE4A848000AA3F7 /* CityVSCountryModel.m in Sources */,
				9333271F1DE579AC00D65904 /* UIButton+WebCache.m in Sources */,
				868502A11DE771B600EEA569 /* RecommendViewModel.m in Sources */,
				9333271B1DE579AC00D65904 /* SDWebImageDownloader.m in Sources */,
				933327221DE579AC00D65904 /* UIImage+WebP.m in Sources */,
				933327211DE579AC00D65904 /* UIImage+MultiFormat.m in Sources */,
				933327181DE579AC00D65904 /* SDImageCacheConfig.m in Sources */,
				5508C8B41DE14A8F00594AB5 /* bournzonCell.m in Sources */,
				9386D5901DE581B000A6ADF8 /* HongKongJapanView.m in Sources */,
				933327261DE579AC00D65904 /* UIView+WebCacheOperation.m in Sources */,
				550463D31DE4AE63000AA3F7 /* CityheadCell.m in Sources */,
				933327191DE579AC00D65904 /* SDWebImageCompat.m in Sources */,
				F4ADDC831DDEFE4400C13254 /* MineViewController.m in Sources */,
				9333271A1DE579AC00D65904 /* SDWebImageDecoder.m in Sources */,
				9386D5911DE581B000A6ADF8 /* ShoppingHeaderView.m in Sources */,
				854C209B1DDC5B4B00F5D5F4 /* ViewController.m in Sources */,
				854C20981DDC5B4B00F5D5F4 /* AppDelegate.m in Sources */,
				854C20951DDC5B4B00F5D5F4 /* main.m in Sources */,
				9386D58E1DE581B000A6ADF8 /* AdvertisementCell.m in Sources */,
				933327141DE579AC00D65904 /* MKAnnotationView+WebCache.m in Sources */,
				933327251DE579AC00D65904 /* UIView+WebCache.m in Sources */,
				933327231DE579AC00D65904 /* UIImageView+HighlightedWebCache.m in Sources */,
				933327151DE579AC00D65904 /* NSData+ImageContentType.m in Sources */,
				8685029E1DE7711100EEA569 /* QyerModel.m in Sources */,
				F4A513751DDC60C2008AF2A1 /* NSString+WX.m in Sources */,
			);
			runOnlyForDeploymentPostprocessing = 0;
		};
/* End PBXSourcesBuildPhase section */

/* Begin XCBuildConfiguration section */
		854C20A51DDC5B4B00F5D5F4 /* Debug */ = {
			isa = XCBuildConfiguration;
			buildSettings = {
				ALWAYS_SEARCH_USER_PATHS = NO;
				CLANG_ANALYZER_NONNULL = YES;
				CLANG_CXX_LANGUAGE_STANDARD = "gnu++0x";
				CLANG_CXX_LIBRARY = "libc++";
				CLANG_ENABLE_MODULES = YES;
				CLANG_ENABLE_OBJC_ARC = YES;
				CLANG_WARN_BOOL_CONVERSION = YES;
				CLANG_WARN_CONSTANT_CONVERSION = YES;
				CLANG_WARN_DIRECT_OBJC_ISA_USAGE = YES_ERROR;
				CLANG_WARN_DOCUMENTATION_COMMENTS = YES;
				CLANG_WARN_EMPTY_BODY = YES;
				CLANG_WARN_ENUM_CONVERSION = YES;
				CLANG_WARN_INFINITE_RECURSION = YES;
				CLANG_WARN_INT_CONVERSION = YES;
				CLANG_WARN_OBJC_ROOT_CLASS = YES_ERROR;
				CLANG_WARN_SUSPICIOUS_MOVES = YES;
				CLANG_WARN_UNREACHABLE_CODE = YES;
				CLANG_WARN__DUPLICATE_METHOD_MATCH = YES;
				"CODE_SIGN_IDENTITY[sdk=iphoneos*]" = "iPhone Developer";
				COPY_PHASE_STRIP = NO;
				DEBUG_INFORMATION_FORMAT = dwarf;
				ENABLE_STRICT_OBJC_MSGSEND = YES;
				ENABLE_TESTABILITY = YES;
				GCC_C_LANGUAGE_STANDARD = gnu99;
				GCC_DYNAMIC_NO_PIC = NO;
				GCC_NO_COMMON_BLOCKS = YES;
				GCC_OPTIMIZATION_LEVEL = 0;
				GCC_PREPROCESSOR_DEFINITIONS = (
					"DEBUG=1",
					"$(inherited)",
				);
				GCC_WARN_64_TO_32_BIT_CONVERSION = YES;
				GCC_WARN_ABOUT_RETURN_TYPE = YES_ERROR;
				GCC_WARN_UNDECLARED_SELECTOR = YES;
				GCC_WARN_UNINITIALIZED_AUTOS = YES_AGGRESSIVE;
				GCC_WARN_UNUSED_FUNCTION = YES;
				GCC_WARN_UNUSED_VARIABLE = YES;
				IPHONEOS_DEPLOYMENT_TARGET = 10.1;
				MTL_ENABLE_DEBUG_INFO = YES;
				ONLY_ACTIVE_ARCH = YES;
				SDKROOT = iphoneos;
			};
			name = Debug;
		};
		854C20A61DDC5B4B00F5D5F4 /* Release */ = {
			isa = XCBuildConfiguration;
			buildSettings = {
				ALWAYS_SEARCH_USER_PATHS = NO;
				CLANG_ANALYZER_NONNULL = YES;
				CLANG_CXX_LANGUAGE_STANDARD = "gnu++0x";
				CLANG_CXX_LIBRARY = "libc++";
				CLANG_ENABLE_MODULES = YES;
				CLANG_ENABLE_OBJC_ARC = YES;
				CLANG_WARN_BOOL_CONVERSION = YES;
				CLANG_WARN_CONSTANT_CONVERSION = YES;
				CLANG_WARN_DIRECT_OBJC_ISA_USAGE = YES_ERROR;
				CLANG_WARN_DOCUMENTATION_COMMENTS = YES;
				CLANG_WARN_EMPTY_BODY = YES;
				CLANG_WARN_ENUM_CONVERSION = YES;
				CLANG_WARN_INFINITE_RECURSION = YES;
				CLANG_WARN_INT_CONVERSION = YES;
				CLANG_WARN_OBJC_ROOT_CLASS = YES_ERROR;
				CLANG_WARN_SUSPICIOUS_MOVES = YES;
				CLANG_WARN_UNREACHABLE_CODE = YES;
				CLANG_WARN__DUPLICATE_METHOD_MATCH = YES;
				"CODE_SIGN_IDENTITY[sdk=iphoneos*]" = "iPhone Developer";
				COPY_PHASE_STRIP = NO;
				DEBUG_INFORMATION_FORMAT = "dwarf-with-dsym";
				ENABLE_NS_ASSERTIONS = NO;
				ENABLE_STRICT_OBJC_MSGSEND = YES;
				GCC_C_LANGUAGE_STANDARD = gnu99;
				GCC_NO_COMMON_BLOCKS = YES;
				GCC_WARN_64_TO_32_BIT_CONVERSION = YES;
				GCC_WARN_ABOUT_RETURN_TYPE = YES_ERROR;
				GCC_WARN_UNDECLARED_SELECTOR = YES;
				GCC_WARN_UNINITIALIZED_AUTOS = YES_AGGRESSIVE;
				GCC_WARN_UNUSED_FUNCTION = YES;
				GCC_WARN_UNUSED_VARIABLE = YES;
				IPHONEOS_DEPLOYMENT_TARGET = 10.1;
				MTL_ENABLE_DEBUG_INFO = NO;
				SDKROOT = iphoneos;
				VALIDATE_PRODUCT = YES;
			};
			name = Release;
		};
		854C20A81DDC5B4B00F5D5F4 /* Debug */ = {
			isa = XCBuildConfiguration;
			baseConfigurationReference = B2B8C73DF8CFEFD16DD67BCE /* Pods-Qyer.debug.xcconfig */;
			buildSettings = {
				GCC_PREFIX_HEADER = "$(PRODUCT_NAME)/PrefixHeader.pch";
				INFOPLIST_FILE = Qyer/Info.plist;
				LD_RUNPATH_SEARCH_PATHS = "$(inherited) @executable_path/Frameworks";
				PRODUCT_BUNDLE_IDENTIFIER = DKD.Qyer;
				PRODUCT_NAME = "$(TARGET_NAME)";
			};
			name = Debug;
		};
		854C20A91DDC5B4B00F5D5F4 /* Release */ = {
			isa = XCBuildConfiguration;
			baseConfigurationReference = A04F497D9480ACCC7D65A036 /* Pods-Qyer.release.xcconfig */;
			buildSettings = {
				GCC_PREFIX_HEADER = "$(PRODUCT_NAME)/PrefixHeader.pch";
				INFOPLIST_FILE = Qyer/Info.plist;
				LD_RUNPATH_SEARCH_PATHS = "$(inherited) @executable_path/Frameworks";
				PRODUCT_BUNDLE_IDENTIFIER = DKD.Qyer;
				PRODUCT_NAME = "$(TARGET_NAME)";
			};
			name = Release;
		};
/* End XCBuildConfiguration section */

/* Begin XCConfigurationList section */
		854C208B1DDC5B4B00F5D5F4 /* Build configuration list for PBXProject "Qyer" */ = {
			isa = XCConfigurationList;
			buildConfigurations = (
				854C20A51DDC5B4B00F5D5F4 /* Debug */,
				854C20A61DDC5B4B00F5D5F4 /* Release */,
			);
			defaultConfigurationIsVisible = 0;
			defaultConfigurationName = Release;
		};
		854C20A71DDC5B4B00F5D5F4 /* Build configuration list for PBXNativeTarget "Qyer" */ = {
			isa = XCConfigurationList;
			buildConfigurations = (
				854C20A81DDC5B4B00F5D5F4 /* Debug */,
				854C20A91DDC5B4B00F5D5F4 /* Release */,
			);
			defaultConfigurationIsVisible = 0;
			defaultConfigurationName = Release;
		};
/* End XCConfigurationList section */
	};
	rootObject = 854C20881DDC5B4B00F5D5F4 /* Project object */;
}
